
Microsoft Visual Studio Solution File, Format Version 12.00
# Visual Studio Version 16
VisualStudioVersion = 16.0.29215.179
MinimumVisualStudioVersion = 10.0.40219.1
Project("{FAE04EC0-301F-11D3-BF4B-00C04F79EFBC}") = "AtomStore", "AtomStore\AtomStore.csproj", "{7E64CC09-A8BE-4D74-B54E-A69E24C0071A}"
EndProject
Project("{9A19103F-16F7-4668-BE54-9A1E7A4F7556}") = "AtomStore.Utilities", "..\AtomStore1\AtomStore_Utilities\AtomStore.Utilities.csproj", "{24924661-5AFC-428C-9FDF-BC5A7BC65A0B}"
EndProject
Project("{9A19103F-16F7-4668-BE54-9A1E7A4F7556}") = "AtomStore.Infrastructure", "..\AtomStore1\AtomStore_Infrastructure\AtomStore.Infrastructure.csproj", "{CD42CF9E-6215-464F-8452-E839141314BF}"
EndProject
Project("{9A19103F-16F7-4668-BE54-9A1E7A4F7556}") = "AtomStore.Data", "..\AtomStore1\AtomStore_Data\AtomStore.Data.csproj", "{898E8202-B50B-4356-BDE9-2CC6355401DC}"
EndProject
Project("{9A19103F-16F7-4668-BE54-9A1E7A4F7556}") = "AtomStore.Data.EF", "..\AtomStore1\AtomStore.Data.EF\AtomStore.Data.EF.csproj", "{E90D1BAD-CD4F-4457-8753-8D7373EB049E}"
EndProject
Project("{9A19103F-16F7-4668-BE54-9A1E7A4F7556}") = "AtomStore.Application", "..\AtomStore1\AtomStore.Application\AtomStore.Application.csproj", "{32BCDE70-AB0E-4895-9BA7-7C234322EE7A}"
EndProject
Project("{2150E333-8FDC-42A3-9474-1A3956D46DE8}") = "1 - Presentation", "1 - Presentation", "{07416BF7-8971-4CA2-A8AE-A72E46B040F6}"
EndProject
Project("{2150E333-8FDC-42A3-9474-1A3956D46DE8}") = "2 - Application", "2 - Application", "{50F1C18E-7C23-41E7-A2D9-52DD030E563B}"
EndProject
Project("{2150E333-8FDC-42A3-9474-1A3956D46DE8}") = "3 - Domain", "3 - Domain", "{3A976926-C3B2-474D-8338-53C305A93F0D}"
EndProject
Project("{2150E333-8FDC-42A3-9474-1A3956D46DE8}") = "4 - Infrastructure", "4 - Infrastructure", "{4A82DE31-B961-4A46-B962-DEED83DB8E59}"
EndProject
Global
	GlobalSection(SolutionConfigurationPlatforms) = preSolution
		Debug|Any CPU = Debug|Any CPU
		Release|Any CPU = Release|Any CPU
	EndGlobalSection
	GlobalSection(ProjectConfigurationPlatforms) = postSolution
		{7E64CC09-A8BE-4D74-B54E-A69E24C0071A}.Debug|Any CPU.ActiveCfg = Debug|Any CPU
		{7E64CC09-A8BE-4D74-B54E-A69E24C0071A}.Debug|Any CPU.Build.0 = Debug|Any CPU
		{7E64CC09-A8BE-4D74-B54E-A69E24C0071A}.Release|Any CPU.ActiveCfg = Release|Any CPU
		{7E64CC09-A8BE-4D74-B54E-A69E24C0071A}.Release|Any CPU.Build.0 = Release|Any CPU
		{24924661-5AFC-428C-9FDF-BC5A7BC65A0B}.Debug|Any CPU.ActiveCfg = Debug|Any CPU
		{24924661-5AFC-428C-9FDF-BC5A7BC65A0B}.Debug|Any CPU.Build.0 = Debug|Any CPU
		{24924661-5AFC-428C-9FDF-BC5A7BC65A0B}.Release|Any CPU.ActiveCfg = Release|Any CPU
		{24924661-5AFC-428C-9FDF-BC5A7BC65A0B}.Release|Any CPU.Build.0 = Release|Any CPU
		{CD42CF9E-6215-464F-8452-E839141314BF}.Debug|Any CPU.ActiveCfg = Debug|Any CPU
		{CD42CF9E-6215-464F-8452-E839141314BF}.Debug|Any CPU.Build.0 = Debug|Any CPU
		{CD42CF9E-6215-464F-8452-E839141314BF}.Release|Any CPU.ActiveCfg = Release|Any CPU
		{CD42CF9E-6215-464F-8452-E839141314BF}.Release|Any CPU.Build.0 = Release|Any CPU
		{898E8202-B50B-4356-BDE9-2CC6355401DC}.Debug|Any CPU.ActiveCfg = Debug|Any CPU
		{898E8202-B50B-4356-BDE9-2CC6355401DC}.Debug|Any CPU.Build.0 = Debug|Any CPU
		{898E8202-B50B-4356-BDE9-2CC6355401DC}.Release|Any CPU.ActiveCfg = Release|Any CPU
		{898E8202-B50B-4356-BDE9-2CC6355401DC}.Release|Any CPU.Build.0 = Release|Any CPU
		{E90D1BAD-CD4F-4457-8753-8D7373EB049E}.Debug|Any CPU.ActiveCfg = Debug|Any CPU
		{E90D1BAD-CD4F-4457-8753-8D7373EB049E}.Debug|Any CPU.Build.0 = Debug|Any CPU
		{E90D1BAD-CD4F-4457-8753-8D7373EB049E}.Release|Any CPU.ActiveCfg = Release|Any CPU
		{E90D1BAD-CD4F-4457-8753-8D7373EB049E}.Release|Any CPU.Build.0 = Release|Any CPU
		{32BCDE70-AB0E-4895-9BA7-7C234322EE7A}.Debug|Any CPU.ActiveCfg = Debug|Any CPU
		{32BCDE70-AB0E-4895-9BA7-7C234322EE7A}.Debug|Any CPU.Build.0 = Debug|Any CPU
		{32BCDE70-AB0E-4895-9BA7-7C234322EE7A}.Release|Any CPU.ActiveCfg = Release|Any CPU
		{32BCDE70-AB0E-4895-9BA7-7C234322EE7A}.Release|Any CPU.Build.0 = Release|Any CPU
	EndGlobalSection
	GlobalSection(SolutionProperties) = preSolution
		HideSolutionNode = FALSE
	EndGlobalSection
	GlobalSection(NestedProjects) = preSolution
		{7E64CC09-A8BE-4D74-B54E-A69E24C0071A} = {07416BF7-8971-4CA2-A8AE-A72E46B040F6}
		{24924661-5AFC-428C-9FDF-BC5A7BC65A0B} = {4A82DE31-B961-4A46-B962-DEED83DB8E59}
		{CD42CF9E-6215-464F-8452-E839141314BF} = {4A82DE31-B961-4A46-B962-DEED83DB8E59}
		{898E8202-B50B-4356-BDE9-2CC6355401DC} = {3A976926-C3B2-474D-8338-53C305A93F0D}
		{E90D1BAD-CD4F-4457-8753-8D7373EB049E} = {3A976926-C3B2-474D-8338-53C305A93F0D}
		{32BCDE70-AB0E-4895-9BA7-7C234322EE7A} = {50F1C18E-7C23-41E7-A2D9-52DD030E563B}
	EndGlobalSection
	GlobalSection(ExtensibilityGlobals) = postSolution
		SolutionGuid = {400C7464-858D-4B35-98F5-641ED19EAD08}
	EndGlobalSection
EndGlobal
